
Microsoft Visual Studio Solution File, Format Version 12.00
# Visual Studio Version 17
VisualStudioVersion = 17.4.33110.190
MinimumVisualStudioVersion = 10.0.40219.1
Project("{9A19103F-16F7-4668-BE54-9A1E7A4F7556}") = "Source", "Source.csproj", "{D239A1E8-763A-4097-8509-8097F55E09A9}"
EndProject
Global
	GlobalSection(SolutionConfigurationPlatforms) = preSolution
		Debug|Any CPU = Debug|Any CPU
		Release|Any CPU = Release|Any CPU
	EndGlobalSection
	GlobalSection(ProjectConfigurationPlatforms) = postSolution
		{D239A1E8-763A-4097-8509-8097F55E09A9}.Debug|Any CPU.ActiveCfg = Debug|Any CPU
		{D239A1E8-763A-4097-8509-8097F55E09A9}.Debug|Any CPU.Build.0 = Debug|Any CPU
		{D239A1E8-763A-4097-8509-8097F55E09A9}.Release|Any CPU.ActiveCfg = Release|Any CPU
		{D239A1E8-763A-4097-8509-8097F55E09A9}.Release|Any CPU.Build.0 = Release|Any CPU
	EndGlobalSection
	GlobalSection(SolutionProperties) = preSolution
		HideSolutionNode = FALSE
	EndGlobalSection
	GlobalSection(ExtensibilityGlobals) = postSolution
		SolutionGuid = {14C68A9A-8877-44F6-81B0-A54687D68C82}
	EndGlobalSection
EndGlobal
